
Microsoft Visual Studio Solution File, Format Version 12.00
# Visual Studio 15
VisualStudioVersion = 15.0.28307.1831
MinimumVisualStudioVersion = 10.0.40219.1
Project("{8BC9CEB8-8B4A-11D0-8D11-00A0C91BC942}") = "test_4.26", "test_4.26\test_4.26.vcxproj", "{B402AA61-846B-48F6-93CF-005F2B93DB3D}"
EndProject
Global
	GlobalSection(SolutionConfigurationPlatforms) = preSolution
		Debug|x64 = Debug|x64
		Debug|x86 = Debug|x86
		Release|x64 = Release|x64
		Release|x86 = Release|x86
	EndGlobalSection
	GlobalSection(ProjectConfigurationPlatforms) = postSolution
		{B402AA61-846B-48F6-93CF-005F2B93DB3D}.Debug|x64.ActiveCfg = Debug|x64
		{B402AA61-846B-48F6-93CF-005F2B93DB3D}.Debug|x64.Build.0 = Debug|x64
		{B402AA61-846B-48F6-93CF-005F2B93DB3D}.Debug|x86.ActiveCfg = Debug|Win32
		{B402AA61-846B-48F6-93CF-005F2B93DB3D}.Debug|x86.Build.0 = Debug|Win32
		{B402AA61-846B-48F6-93CF-005F2B93DB3D}.Release|x64.ActiveCfg = Release|x64
		{B402AA61-846B-48F6-93CF-005F2B93DB3D}.Release|x64.Build.0 = Release|x64
		{B402AA61-846B-48F6-93CF-005F2B93DB3D}.Release|x86.ActiveCfg = Release|Win32
		{B402AA61-846B-48F6-93CF-005F2B93DB3D}.Release|x86.Build.0 = Release|Win32
	EndGlobalSection
	GlobalSection(SolutionProperties) = preSolution
		HideSolutionNode = FALSE
	EndGlobalSection
	GlobalSection(ExtensibilityGlobals) = postSolution
		SolutionGuid = {0D391471-5AE7-4ED4-8798-C9B07D86C98A}
	EndGlobalSection
EndGlobal
